
Microsoft Visual Studio Solution File, Format Version 12.00
# Visual Studio Version 17
VisualStudioVersion = 17.3.32922.545
MinimumVisualStudioVersion = 10.0.40219.1
Project("{FAE04EC0-301F-11D3-BF4B-00C04F79EFBC}") = "Algorithm_Practice_Problem", "Algorithm_Practice_Problem\Algorithm_Practice_Problem.csproj", "{AAC2E4AF-C7A4-4E99-B62A-4B4FD54C9FE8}"
EndProject
Global
	GlobalSection(SolutionConfigurationPlatforms) = preSolution
		Debug|Any CPU = Debug|Any CPU
		Release|Any CPU = Release|Any CPU
	EndGlobalSection
	GlobalSection(ProjectConfigurationPlatforms) = postSolution
		{AAC2E4AF-C7A4-4E99-B62A-4B4FD54C9FE8}.Debug|Any CPU.ActiveCfg = Debug|Any CPU
		{AAC2E4AF-C7A4-4E99-B62A-4B4FD54C9FE8}.Debug|Any CPU.Build.0 = Debug|Any CPU
		{AAC2E4AF-C7A4-4E99-B62A-4B4FD54C9FE8}.Release|Any CPU.ActiveCfg = Release|Any CPU
		{AAC2E4AF-C7A4-4E99-B62A-4B4FD54C9FE8}.Release|Any CPU.Build.0 = Release|Any CPU
	EndGlobalSection
	GlobalSection(SolutionProperties) = preSolution
		HideSolutionNode = FALSE
	EndGlobalSection
	GlobalSection(ExtensibilityGlobals) = postSolution
		SolutionGuid = {61771381-B456-42E7-AA0B-06ADC652C567}
	EndGlobalSection
EndGlobal
